{
  "version": 4,
  "terraform_version": "0.14.10",
  "serial": 1,
  "lineage": "96389617-3822-e2d3-1208-c8caf2ab78af",
  "outputs": {},
  "resources": [
    {
      "mode": "managed",
      "type": "aws_vpc",
      "name": "myvpc",
      "provider": "provider[\"registry.terraform.io/hashicorp/aws\"]",
      "instances": [
        {
          "schema_version": 1,
          "attributes": {
            "arn": "arn:aws:ec2:us-east-1:816912958835:vpc/vpc-03bfbb703adbddd14",
            "assign_generated_ipv6_cidr_block": false,
            "cidr_block": "10.0.0.0/16",
            "default_network_acl_id": "acl-0fd1d5a9f5d5db038",
            "default_route_table_id": "rtb-098607e63a01299b5",
            "default_security_group_id": "sg-04e28d9be748a2c38",
            "dhcp_options_id": "dopt-a6214cdc",
            "enable_classiclink": false,
            "enable_classiclink_dns_support": false,
            "enable_dns_hostnames": false,
            "enable_dns_support": true,
            "id": "vpc-03bfbb703adbddd14",
            "instance_tenancy": "default",
            "ipv6_association_id": "",
            "ipv6_cidr_block": "",
            "main_route_table_id": "rtb-098607e63a01299b5",
            "owner_id": "816912958835",
            "tags": null,
            "tags_all": {}
          },
          "sensitive_attributes": [],
          "private": "eyJzY2hlbWFfdmVyc2lvbiI6IjEifQ=="
        }
      ]
    }
  ]
}
